
Microsoft Visual Studio Solution File, Format Version 12.00
# Visual Studio 14
VisualStudioVersion = 14.0.25123.0
MinimumVisualStudioVersion = 10.0.40219.1
Project("{FAE04EC0-301F-11D3-BF4B-00C04F79EFBC}") = "Wbc.Web", "Wbc.Web\Wbc.Web.csproj", "{22D51CAB-814C-4971-AD15-D5F8636E4453}"
EndProject
Project("{FAE04EC0-301F-11D3-BF4B-00C04F79EFBC}") = "Wbc.Dal", "Wbc.Dal\Wbc.Dal.csproj", "{3AE6A91B-B0C2-472D-9547-31E5B81AEA21}"
EndProject
Project("{FAE04EC0-301F-11D3-BF4B-00C04F79EFBC}") = "Wbc.Bll", "Wbc.Bll\Wbc.Bll.csproj", "{A387F0BD-1D61-4E6C-9179-3CDC326E3EDD}"
EndProject
Global
	GlobalSection(SolutionConfigurationPlatforms) = preSolution
		Debug|Any CPU = Debug|Any CPU
		Release|Any CPU = Release|Any CPU
	EndGlobalSection
	GlobalSection(ProjectConfigurationPlatforms) = postSolution
		{22D51CAB-814C-4971-AD15-D5F8636E4453}.Debug|Any CPU.ActiveCfg = Debug|Any CPU
		{22D51CAB-814C-4971-AD15-D5F8636E4453}.Debug|Any CPU.Build.0 = Debug|Any CPU
		{22D51CAB-814C-4971-AD15-D5F8636E4453}.Release|Any CPU.ActiveCfg = Release|Any CPU
		{22D51CAB-814C-4971-AD15-D5F8636E4453}.Release|Any CPU.Build.0 = Release|Any CPU
		{3AE6A91B-B0C2-472D-9547-31E5B81AEA21}.Debug|Any CPU.ActiveCfg = Debug|Any CPU
		{3AE6A91B-B0C2-472D-9547-31E5B81AEA21}.Debug|Any CPU.Build.0 = Debug|Any CPU
		{3AE6A91B-B0C2-472D-9547-31E5B81AEA21}.Release|Any CPU.ActiveCfg = Release|Any CPU
		{3AE6A91B-B0C2-472D-9547-31E5B81AEA21}.Release|Any CPU.Build.0 = Release|Any CPU
		{A387F0BD-1D61-4E6C-9179-3CDC326E3EDD}.Debug|Any CPU.ActiveCfg = Debug|Any CPU
		{A387F0BD-1D61-4E6C-9179-3CDC326E3EDD}.Debug|Any CPU.Build.0 = Debug|Any CPU
		{A387F0BD-1D61-4E6C-9179-3CDC326E3EDD}.Release|Any CPU.ActiveCfg = Release|Any CPU
		{A387F0BD-1D61-4E6C-9179-3CDC326E3EDD}.Release|Any CPU.Build.0 = Release|Any CPU
	EndGlobalSection
	GlobalSection(SolutionProperties) = preSolution
		HideSolutionNode = FALSE
	EndGlobalSection
EndGlobal
